{
  "lockfileVersion": 1,
  "workspaces": {
    "": {
      "name": "rest",
      "dependencies": {
        "@hono/standard-validator": "^0.1.4",
        "@prisma/client": "^6.14.0",
        "@scalar/hono-api-reference": "^0.9.13",
        "hono": "^4.9.1",
        "hono-openapi": "0.5.0-rc.3",
        "ipc-client": "github:pygmyapp/ipc-client",
        "jose": "^6.0.12",
        "nodemailer": "^7.0.5",
        "pg": "^8.16.3",
        "snowyflake": "^2.0.1",
        "zod": "^4.0.17",
      },
      "devDependencies": {
        "@biomejs/biome": "2.1.3",
        "@tsconfig/bun": "^1.0.8",
        "@types/bun": "latest",
        "@types/nodemailer": "^6.4.17",
        "@types/pg": "^8.15.5",
        "prisma": "^6.14.0",
        "typescript": "^5.9.2",
      },
    },
  },
  "packages": {
    "@achrinza/event-pubsub": ["@achrinza/event-pubsub@5.0.11", "", { "dependencies": { "@achrinza/strong-type": "0.1.14" } }, "sha512-H/bswjSh/wMIgtizHIdeQQuquzBsia0uqf0IaadMKhS7jv5wX0iMqkVbYDZhUhbjJqXnfX4jjzgclt24aizdHA=="],

    "@achrinza/strong-type": ["@achrinza/strong-type@1.1.20", "", {}, "sha512-7+A0aC1C6tt1j69phZocl13RZ4vzz6W6jFhSUty9KNgKyoUH48oeZlSQdj2VONlT+sbdkfO7VJJbWiKBqNwebA=="],

    "@biomejs/biome": ["@biomejs/biome@2.1.3", "", { "optionalDependencies": { "@biomejs/cli-darwin-arm64": "2.1.3", "@biomejs/cli-darwin-x64": "2.1.3", "@biomejs/cli-linux-arm64": "2.1.3", "@biomejs/cli-linux-arm64-musl": "2.1.3", "@biomejs/cli-linux-x64": "2.1.3", "@biomejs/cli-linux-x64-musl": "2.1.3", "@biomejs/cli-win32-arm64": "2.1.3", "@biomejs/cli-win32-x64": "2.1.3" }, "bin": { "biome": "bin/biome" } }, "sha512-KE/tegvJIxTkl7gJbGWSgun7G6X/n2M6C35COT6ctYrAy7SiPyNvi6JtoQERVK/VRbttZfgGq96j2bFmhmnH4w=="],

    "@biomejs/cli-darwin-arm64": ["@biomejs/cli-darwin-arm64@2.1.3", "", { "os": "darwin", "cpu": "arm64" }, "sha512-LFLkSWRoSGS1wVUD/BE6Nlt2dSn0ulH3XImzg2O/36BoToJHKXjSxzPEMAqT9QvwVtk7/9AQhZpTneERU9qaXA=="],

    "@biomejs/cli-darwin-x64": ["@biomejs/cli-darwin-x64@2.1.3", "", { "os": "darwin", "cpu": "x64" }, "sha512-Q/4OTw8P9No9QeowyxswcWdm0n2MsdCwWcc5NcKQQvzwPjwuPdf8dpPPf4r+x0RWKBtl1FLiAUtJvBlri6DnYw=="],

    "@biomejs/cli-linux-arm64": ["@biomejs/cli-linux-arm64@2.1.3", "", { "os": "linux", "cpu": "arm64" }, "sha512-2hS6LgylRqMFmAZCOFwYrf77QMdUwJp49oe8PX/O8+P2yKZMSpyQTf3Eo5ewnsMFUEmYbPOskafdV1ds1MZMJA=="],

    "@biomejs/cli-linux-arm64-musl": ["@biomejs/cli-linux-arm64-musl@2.1.3", "", { "os": "linux", "cpu": "arm64" }, "sha512-KXouFSBnoxAWZYDQrnNRzZBbt5s9UJkIm40hdvSL9mBxSSoxRFQJbtg1hP3aa8A2SnXyQHxQfpiVeJlczZt76w=="],

    "@biomejs/cli-linux-x64": ["@biomejs/cli-linux-x64@2.1.3", "", { "os": "linux", "cpu": "x64" }, "sha512-NxlSCBhLvQtWGagEztfAZ4WcE1AkMTntZV65ZvR+J9jp06+EtOYEBPQndA70ZGhHbEDG57bR6uNvqkd1WrEYVA=="],

    "@biomejs/cli-linux-x64-musl": ["@biomejs/cli-linux-x64-musl@2.1.3", "", { "os": "linux", "cpu": "x64" }, "sha512-KaLAxnROouzIWtl6a0Y88r/4hW5oDUJTIqQorOTVQITaKQsKjZX4XCUmHIhdEk8zMnaiLZzRTAwk1yIAl+mIew=="],

    "@biomejs/cli-win32-arm64": ["@biomejs/cli-win32-arm64@2.1.3", "", { "os": "win32", "cpu": "arm64" }, "sha512-V9CUZCtWH4u0YwyCYbQ3W5F4ZGPWp2C2TYcsiWFNNyRfmOW1j/TY/jAurl33SaRjgZPO5UUhGyr9m6BN9t84NQ=="],

    "@biomejs/cli-win32-x64": ["@biomejs/cli-win32-x64@2.1.3", "", { "os": "win32", "cpu": "x64" }, "sha512-dxy599q6lgp8ANPpR8sDMscwdp9oOumEsVXuVCVT9N2vAho8uYXlCz53JhxX6LtJOXaE73qzgkGQ7QqvFlMC0g=="],

    "@hono/standard-validator": ["@hono/standard-validator@0.1.4", "", { "peerDependencies": { "@standard-schema/spec": "1.0.0", "hono": ">=3.9.0" } }, "sha512-NPxSO9/Z1FFaJ34/0WJA0JoFRrVrJOG5P/i+PBJu7jCw9v0u8WmGiJu0zv+bTk1pjplBjjczAd59x2X50spRmQ=="],

    "@node-ipc/js-queue": ["@node-ipc/js-queue@2.0.3", "", { "dependencies": { "easy-stack": "1.0.1" } }, "sha512-fL1wpr8hhD5gT2dA1qifeVaoDFlQR5es8tFuKqjHX+kdOtdNHnxkVZbtIrR2rxnMFvehkjaZRNV2H/gPXlb0hw=="],

    "@prisma/client": ["@prisma/client@6.14.0", "", { "peerDependencies": { "prisma": "*", "typescript": ">=5.1.0" }, "optionalPeers": ["prisma", "typescript"] }, "sha512-8E/Nk3eL5g7RQIg/LUj1ICyDmhD053STjxrPxUtCRybs2s/2sOEcx9NpITuAOPn07HEpWBfhAVe1T/HYWXUPOw=="],

    "@prisma/config": ["@prisma/config@6.14.0", "", { "dependencies": { "c12": "3.1.0", "deepmerge-ts": "7.1.5", "effect": "3.16.12", "empathic": "2.0.0" } }, "sha512-IwC7o5KNNGhmblLs23swnfBjADkacBb7wvyDXUWLwuvUQciKJZqyecU0jw0d7JRkswrj+XTL8fdr0y2/VerKQQ=="],

    "@prisma/debug": ["@prisma/debug@6.14.0", "", {}, "sha512-j4Lf+y+5QIJgQD4sJWSbkOD7geKx9CakaLp/TyTy/UDu9Wo0awvWCBH/BAxTHUaCpIl9USA5VS/KJhDqKJSwug=="],

    "@prisma/engines": ["@prisma/engines@6.14.0", "", { "dependencies": { "@prisma/debug": "6.14.0", "@prisma/engines-version": "6.14.0-25.717184b7b35ea05dfa71a3236b7af656013e1e49", "@prisma/fetch-engine": "6.14.0", "@prisma/get-platform": "6.14.0" } }, "sha512-LhJjqsALFEcoAtF07nSaOkVguaxw/ZsgfROIYZ8bAZDobe7y8Wy+PkYQaPOK1iLSsFgV2MhCO/eNrI1gdSOj6w=="],

    "@prisma/engines-version": ["@prisma/engines-version@6.14.0-25.717184b7b35ea05dfa71a3236b7af656013e1e49", "", {}, "sha512-EgN9ODJpiX45yvwcngoStp3uQPJ3l+AEVoQ6dMMO2QvmwIlnxfApzKmJQExzdo7/hqQANrz5txHJdGYHzOnGHA=="],

    "@prisma/fetch-engine": ["@prisma/fetch-engine@6.14.0", "", { "dependencies": { "@prisma/debug": "6.14.0", "@prisma/engines-version": "6.14.0-25.717184b7b35ea05dfa71a3236b7af656013e1e49", "@prisma/get-platform": "6.14.0" } }, "sha512-MPzYPOKMENYOaY3AcAbaKrfvXVlvTc6iHmTXsp9RiwCX+bPyfDMqMFVUSVXPYrXnrvEzhGHfyiFy0PRLHPysNg=="],

    "@prisma/get-platform": ["@prisma/get-platform@6.14.0", "", { "dependencies": { "@prisma/debug": "6.14.0" } }, "sha512-7VjuxKNwjnBhKfqPpMeWiHEa2sVjYzmHdl1slW6STuUCe9QnOY0OY1ljGSvz6wpG4U8DfbDqkG1yofd/1GINww=="],

    "@scalar/core": ["@scalar/core@0.3.11", "", { "dependencies": { "@scalar/types": "0.2.11" } }, "sha512-4O3mC29k2STz4quBHrpsl6czxi94F3dy8Ej/OPbELS2myKO4GoxromT0BiKSLPAThCnmJ0rqMZ7k9NsgzVjEgA=="],

    "@scalar/hono-api-reference": ["@scalar/hono-api-reference@0.9.13", "", { "dependencies": { "@scalar/core": "0.3.11" }, "peerDependencies": { "hono": "^4.0.0" } }, "sha512-79Gs+/2/FcqwZ3Lp0lsv3pFKHY1qBF2ONkfgh/gxRsd8Z+RZRTDBZafe7OConj+c4tHm0Zz3bKTKEV0OMQi/aA=="],

    "@scalar/openapi-types": ["@scalar/openapi-types@0.3.7", "", { "dependencies": { "zod": "3.24.1" } }, "sha512-QHSvHBVDze3+dUwAhIGq6l1iOev4jdoqdBK7QpfeN1Q4h+6qpVEw3EEqBiH0AXUSh/iWwObBv4uMgfIx0aNZ5g=="],

    "@scalar/types": ["@scalar/types@0.2.11", "", { "dependencies": { "@scalar/openapi-types": "0.3.7", "nanoid": "5.1.5", "zod": "3.24.1" } }, "sha512-SUZzGmoisWsYv33LmmT/ajvSlcl9ZDj9d5RncJ+wB9ZQ2l018xlfpDIH9Kdfo+6KCKQOe3LYLXfH4Lzm891Mag=="],

    "@standard-community/standard-json": ["@standard-community/standard-json@0.3.0-rc.4", "", { "peerDependencies": { "@standard-schema/spec": "^1.0.0", "@types/json-schema": "^7.0.15", "@valibot/to-json-schema": "^1.3.0", "arktype": "^2.1.20", "effect": "^3.16.8", "valibot": "^1.1.0", "zod": "^3.25.0 || ^4.0.0", "zod-to-json-schema": "^3.24.5" }, "optionalPeers": ["@valibot/to-json-schema", "arktype", "effect", "valibot", "zod", "zod-to-json-schema"] }, "sha512-AcFJqiYt0nj17VoReUkEhTq1JzM2oEytCyBoR0j09yHqrrHp1g6kvXoh+IyMWIeqWYVUml9wzr5VJrfxh69/8g=="],

    "@standard-community/standard-openapi": ["@standard-community/standard-openapi@0.2.0-rc.1", "", { "peerDependencies": { "@standard-community/standard-json": "^0.3.0-rc.1", "@standard-schema/spec": "^1.0.0", "arktype": "^2.1.20", "openapi-types": "^12.1.3", "valibot": "^1.1.0", "zod": "^3.25.0 || ^4.0.0", "zod-openapi": "^4" }, "optionalPeers": ["arktype", "valibot", "zod", "zod-openapi"] }, "sha512-Gu/wshVs6Lid+fCo9yu5AT0bjcxLCBtOi6idmkGtT5wll9rLdvfOcvzklrklUQgdQX/Xj9AA3nIBllHdqLEBZg=="],

    "@standard-schema/spec": ["@standard-schema/spec@1.0.0", "", {}, "sha512-m2bOd0f2RT9k8QJx1JN85cZYyH1RqFBdlwtkSlf4tBDYLCiiZnv1fIIwacK6cqwXavOydf0NPToMQgpKq+dVlA=="],

    "@tsconfig/bun": ["@tsconfig/bun@1.0.8", "", {}, "sha512-JlJaRaS4hBTypxtFe8WhnwV8blf0R+3yehLk8XuyxUYNx6VXsKCjACSCvOYEFUiqlhlBWxtYCn/zRlOb8BzBQg=="],

    "@types/bun": ["@types/bun@1.2.20", "", { "dependencies": { "bun-types": "1.2.20" } }, "sha512-dX3RGzQ8+KgmMw7CsW4xT5ITBSCrSbfHc36SNT31EOUg/LA9JWq0VDdEXDRSe1InVWpd2yLUM1FUF/kEOyTzYA=="],

    "@types/json-schema": ["@types/json-schema@7.0.15", "", {}, "sha512-5+fP8P8MFNC+AyZCDxrB2pkZFPGzqQWUzpSeuuVLvm8VMcorNYavBqoFcxK8bQz4Qsbn4oUEEem4wDLfcysGHA=="],

    "@types/node": ["@types/node@24.2.0", "", { "dependencies": { "undici-types": "~7.10.0" } }, "sha512-3xyG3pMCq3oYCNg7/ZP+E1ooTaGB4cG8JWRsqqOYQdbWNY4zbaV0Ennrd7stjiJEFZCaybcIgpTjJWHRfBSIDw=="],

    "@types/nodemailer": ["@types/nodemailer@6.4.17", "", { "dependencies": { "@types/node": "*" } }, "sha512-I9CCaIp6DTldEg7vyUTZi8+9Vo0hi1/T8gv3C89yk1rSAAzoKQ8H8ki/jBYJSFoH/BisgLP8tkZMlQ91CIquww=="],

    "@types/pg": ["@types/pg@8.15.5", "", { "dependencies": { "@types/node": "*", "pg-protocol": "*", "pg-types": "^2.2.0" } }, "sha512-LF7lF6zWEKxuT3/OR8wAZGzkg4ENGXFNyiV/JeOt9z5B+0ZVwbql9McqX5c/WStFq1GaGso7H1AzP/qSzmlCKQ=="],

    "@types/react": ["@types/react@19.1.9", "", { "dependencies": { "csstype": "^3.0.2" } }, "sha512-WmdoynAX8Stew/36uTSVMcLJJ1KRh6L3IZRx1PZ7qJtBqT3dYTgyDTx8H1qoRghErydW7xw9mSJ3wS//tCRpFA=="],

    "bun-types": ["bun-types@1.2.20", "", { "dependencies": { "@types/node": "*" }, "peerDependencies": { "@types/react": "^19" } }, "sha512-pxTnQYOrKvdOwyiyd/7sMt9yFOenN004Y6O4lCcCUoKVej48FS5cvTw9geRaEcB9TsDZaJKAxPTVvi8tFsVuXA=="],

    "c12": ["c12@3.1.0", "", { "dependencies": { "chokidar": "^4.0.3", "confbox": "^0.2.2", "defu": "^6.1.4", "dotenv": "^16.6.1", "exsolve": "^1.0.7", "giget": "^2.0.0", "jiti": "^2.4.2", "ohash": "^2.0.11", "pathe": "^2.0.3", "perfect-debounce": "^1.0.0", "pkg-types": "^2.2.0", "rc9": "^2.1.2" }, "peerDependencies": { "magicast": "^0.3.5" }, "optionalPeers": ["magicast"] }, "sha512-uWoS8OU1MEIsOv8p/5a82c3H31LsWVR5qiyXVfBNOzfffjUWtPnhAb4BYI2uG2HfGmZmFjCtui5XNWaps+iFuw=="],

    "chokidar": ["chokidar@4.0.3", "", { "dependencies": { "readdirp": "^4.0.1" } }, "sha512-Qgzu8kfBvo+cA4962jnP1KkS6Dop5NS6g7R5LFYJr4b8Ub94PPQXUksCw9PvXoeXPRRddRNC5C1JQUR2SMGtnA=="],

    "citty": ["citty@0.1.6", "", { "dependencies": { "consola": "^3.2.3" } }, "sha512-tskPPKEs8D2KPafUypv2gxwJP8h/OaJmC82QQGGDQcHvXX43xF2VDACcJVmZ0EuSxkpO9Kc4MlrA3q0+FG58AQ=="],

    "confbox": ["confbox@0.2.2", "", {}, "sha512-1NB+BKqhtNipMsov4xI/NnhCKp9XG9NamYp5PVm9klAT0fsrNPjaFICsCFhNhwZJKNh7zB/3q8qXz0E9oaMNtQ=="],

    "consola": ["consola@3.4.2", "", {}, "sha512-5IKcdX0nnYavi6G7TtOhwkYzyjfJlatbjMjuLSfE2kYT5pMDOilZ4OvMhi637CcDICTmz3wARPoyhqyX1Y+XvA=="],

    "csstype": ["csstype@3.1.3", "", {}, "sha512-M1uQkMl8rQK/szD0LNhtqxIPLpimGm8sOBwU7lLnCpSbTyY3yeU1Vc7l4KT5zT4s/yOxHH5O7tIuuLOCnLADRw=="],

    "deepmerge-ts": ["deepmerge-ts@7.1.5", "", {}, "sha512-HOJkrhaYsweh+W+e74Yn7YStZOilkoPb6fycpwNLKzSPtruFs48nYis0zy5yJz1+ktUhHxoRDJ27RQAWLIJVJw=="],

    "defu": ["defu@6.1.4", "", {}, "sha512-mEQCMmwJu317oSz8CwdIOdwf3xMif1ttiM8LTufzc3g6kR+9Pe236twL8j3IYT1F7GfRgGcW6MWxzZjLIkuHIg=="],

    "destr": ["destr@2.0.5", "", {}, "sha512-ugFTXCtDZunbzasqBxrK93Ik/DRYsO6S/fedkWEMKqt04xZ4csmnmwGDBAb07QWNaGMAmnTIemsYZCksjATwsA=="],

    "dotenv": ["dotenv@16.6.1", "", {}, "sha512-uBq4egWHTcTt33a72vpSG0z3HnPuIl6NqYcTrKEg2azoEyl2hpW0zqlxysq2pK9HlDIHyHyakeYaYnSAwd8bow=="],

    "easy-stack": ["easy-stack@1.0.1", "", {}, "sha512-wK2sCs4feiiJeFXn3zvY0p41mdU5VUgbgs1rNsc/y5ngFUijdWd+iIN8eoyuZHKB8xN6BL4PdWmzqFmxNg6V2w=="],

    "effect": ["effect@3.16.12", "", { "dependencies": { "@standard-schema/spec": "^1.0.0", "fast-check": "^3.23.1" } }, "sha512-N39iBk0K71F9nb442TLbTkjl24FLUzuvx2i1I2RsEAQsdAdUTuUoW0vlfUXgkMTUOnYqKnWcFfqw4hK4Pw27hg=="],

    "empathic": ["empathic@2.0.0", "", {}, "sha512-i6UzDscO/XfAcNYD75CfICkmfLedpyPDdozrLMmQc5ORaQcdMoc21OnlEylMIqI7U8eniKrPMxxtj8k0vhmJhA=="],

    "exsolve": ["exsolve@1.0.7", "", {}, "sha512-VO5fQUzZtI6C+vx4w/4BWJpg3s/5l+6pRQEHzFRM8WFi4XffSP1Z+4qi7GbjWbvRQEbdIco5mIMq+zX4rPuLrw=="],

    "fast-check": ["fast-check@3.23.2", "", { "dependencies": { "pure-rand": "^6.1.0" } }, "sha512-h5+1OzzfCC3Ef7VbtKdcv7zsstUQwUDlYpUTvjeUsJAssPgLn7QzbboPtL5ro04Mq0rPOsMzl7q5hIbRs2wD1A=="],

    "giget": ["giget@2.0.0", "", { "dependencies": { "citty": "^0.1.6", "consola": "^3.4.0", "defu": "^6.1.4", "node-fetch-native": "^1.6.6", "nypm": "^0.6.0", "pathe": "^2.0.3" }, "bin": { "giget": "dist/cli.mjs" } }, "sha512-L5bGsVkxJbJgdnwyuheIunkGatUF/zssUoxxjACCseZYAVbaqdh9Tsmmlkl8vYan09H7sbvKt4pS8GqKLBrEzA=="],

    "hono": ["hono@4.9.1", "", {}, "sha512-qfvdJ42t6CQE0N/iSCa8KsW8SQqYD67YB+TYbwPHlnALvX+s7ynh8otR1NEk5jXtUg73gpV/B82OSufDmwtX3w=="],

    "hono-openapi": ["hono-openapi@0.5.0-rc.3", "", { "peerDependencies": { "@hono/standard-validator": "^0.1.2", "@sinclair/typebox": "^0.34.9", "@standard-community/standard-json": "^0.3.0-rc.3", "@standard-community/standard-openapi": "^0.2.0-rc.1", "@types/json-schema": "^7.0.15", "arktype": "^2.0.0", "effect": "^3.16.12", "hono": "^4.8.3", "openapi-types": "^12.1.3", "valibot": "^1.0.0-beta.9", "zod": "^3.23.8" }, "optionalPeers": ["@hono/standard-validator", "@sinclair/typebox", "arktype", "effect", "hono", "valibot", "zod"] }, "sha512-AOTLtvCSR/HyOpRFtSqCyncrR48OqIhdpoHGG8p7HZK07X+jO7V5zVm5EWhMkuJaH0VgdltfZxUDSA092w7S4Q=="],

    "ipc-client": ["ipc-client@github:pygmyapp/ipc-client#4390e27", { "dependencies": { "node-ipc": "npm:@achrinza/node-ipc@^10.1.11", "tseep": "^1.3.1" } }, "pygmyapp-ipc-client-4390e27"],

    "jiti": ["jiti@2.5.1", "", { "bin": { "jiti": "lib/jiti-cli.mjs" } }, "sha512-twQoecYPiVA5K/h6SxtORw/Bs3ar+mLUtoPSc7iMXzQzK8d7eJ/R09wmTwAjiamETn1cXYPGfNnu7DMoHgu12w=="],

    "jose": ["jose@6.0.12", "", {}, "sha512-T8xypXs8CpmiIi78k0E+Lk7T2zlK4zDyg+o1CZ4AkOHgDg98ogdP2BeZ61lTFKFyoEwJ9RgAgN+SdM3iPgNonQ=="],

    "js-message": ["js-message@1.0.7", "", {}, "sha512-efJLHhLjIyKRewNS9EGZ4UpI8NguuL6fKkhRxVuMmrGV2xN/0APGdQYwLFky5w9naebSZ0OwAGp0G6/2Cg90rA=="],

    "nanoid": ["nanoid@5.1.5", "", { "bin": { "nanoid": "bin/nanoid.js" } }, "sha512-Ir/+ZpE9fDsNH0hQ3C68uyThDXzYcim2EqcZ8zn8Chtt1iylPT9xXJB0kPCnqzgcEGikO9RxSrh63MsmVCU7Fw=="],

    "node-fetch-native": ["node-fetch-native@1.6.7", "", {}, "sha512-g9yhqoedzIUm0nTnTqAQvueMPVOuIY16bqgAJJC8XOOubYFNwz6IER9qs0Gq2Xd0+CecCKFjtdDTMA4u4xG06Q=="],

    "node-ipc": ["@achrinza/node-ipc@10.1.11", "", { "dependencies": { "@achrinza/event-pubsub": "5.0.11", "@achrinza/strong-type": "1.1.20", "@node-ipc/js-queue": "2.0.3", "js-message": "1.0.7" } }, "sha512-3z2yix2G8KP8gW6dWgRPj61Mu2nleqbWqTuS5vluZiXe2VDFkimqaeb4fnuS6JV2nhJz4gX+PR5PQjRKsuXm8w=="],

    "nodemailer": ["nodemailer@7.0.5", "", {}, "sha512-nsrh2lO3j4GkLLXoeEksAMgAOqxOv6QumNRVQTJwKH4nuiww6iC2y7GyANs9kRAxCexg3+lTWM3PZ91iLlVjfg=="],

    "nypm": ["nypm@0.6.1", "", { "dependencies": { "citty": "^0.1.6", "consola": "^3.4.2", "pathe": "^2.0.3", "pkg-types": "^2.2.0", "tinyexec": "^1.0.1" }, "bin": { "nypm": "dist/cli.mjs" } }, "sha512-hlacBiRiv1k9hZFiphPUkfSQ/ZfQzZDzC+8z0wL3lvDAOUu/2NnChkKuMoMjNur/9OpKuz2QsIeiPVN0xM5Q0w=="],

    "ohash": ["ohash@2.0.11", "", {}, "sha512-RdR9FQrFwNBNXAr4GixM8YaRZRJ5PUWbKYbE5eOsrwAjJW0q2REGcf79oYPsLyskQCZG1PLN+S/K1V00joZAoQ=="],

    "openapi-types": ["openapi-types@12.1.3", "", {}, "sha512-N4YtSYJqghVu4iek2ZUvcN/0aqH1kRDuNqzcycDxhOUpg7GdvLa2F3DgS6yBNhInhv2r/6I0Flkn7CqL8+nIcw=="],

    "pathe": ["pathe@2.0.3", "", {}, "sha512-WUjGcAqP1gQacoQe+OBJsFA7Ld4DyXuUIjZ5cc75cLHvJ7dtNsTugphxIADwspS+AraAUePCKrSVtPLFj/F88w=="],

    "perfect-debounce": ["perfect-debounce@1.0.0", "", {}, "sha512-xCy9V055GLEqoFaHoC1SoLIaLmWctgCUaBaWxDZ7/Zx4CTyX7cJQLJOok/orfjZAh9kEYpjJa4d0KcJmCbctZA=="],

    "pg": ["pg@8.16.3", "", { "dependencies": { "pg-connection-string": "^2.9.1", "pg-pool": "^3.10.1", "pg-protocol": "^1.10.3", "pg-types": "2.2.0", "pgpass": "1.0.5" }, "optionalDependencies": { "pg-cloudflare": "^1.2.7" }, "peerDependencies": { "pg-native": ">=3.0.1" }, "optionalPeers": ["pg-native"] }, "sha512-enxc1h0jA/aq5oSDMvqyW3q89ra6XIIDZgCX9vkMrnz5DFTw/Ny3Li2lFQ+pt3L6MCgm/5o2o8HW9hiJji+xvw=="],

    "pg-cloudflare": ["pg-cloudflare@1.2.7", "", {}, "sha512-YgCtzMH0ptvZJslLM1ffsY4EuGaU0cx4XSdXLRFae8bPP4dS5xL1tNB3k2o/N64cHJpwU7dxKli/nZ2lUa5fLg=="],

    "pg-connection-string": ["pg-connection-string@2.9.1", "", {}, "sha512-nkc6NpDcvPVpZXxrreI/FOtX3XemeLl8E0qFr6F2Lrm/I8WOnaWNhIPK2Z7OHpw7gh5XJThi6j6ppgNoaT1w4w=="],

    "pg-int8": ["pg-int8@1.0.1", "", {}, "sha512-WCtabS6t3c8SkpDBUlb1kjOs7l66xsGdKpIPZsg4wR+B3+u9UAum2odSsF9tnvxg80h4ZxLWMy4pRjOsFIqQpw=="],

    "pg-pool": ["pg-pool@3.10.1", "", { "peerDependencies": { "pg": ">=8.0" } }, "sha512-Tu8jMlcX+9d8+QVzKIvM/uJtp07PKr82IUOYEphaWcoBhIYkoHpLXN3qO59nAI11ripznDsEzEv8nUxBVWajGg=="],

    "pg-protocol": ["pg-protocol@1.10.3", "", {}, "sha512-6DIBgBQaTKDJyxnXaLiLR8wBpQQcGWuAESkRBX/t6OwA8YsqP+iVSiond2EDy6Y/dsGk8rh/jtax3js5NeV7JQ=="],

    "pg-types": ["pg-types@2.2.0", "", { "dependencies": { "pg-int8": "1.0.1", "postgres-array": "~2.0.0", "postgres-bytea": "~1.0.0", "postgres-date": "~1.0.4", "postgres-interval": "^1.1.0" } }, "sha512-qTAAlrEsl8s4OiEQY69wDvcMIdQN6wdz5ojQiOy6YRMuynxenON0O5oCpJI6lshc6scgAY8qvJ2On/p+CXY0GA=="],

    "pgpass": ["pgpass@1.0.5", "", { "dependencies": { "split2": "^4.1.0" } }, "sha512-FdW9r/jQZhSeohs1Z3sI1yxFQNFvMcnmfuj4WBMUTxOrAyLMaTcE1aAMBiTlbMNaXvBCQuVi0R7hd8udDSP7ug=="],

    "pkg-types": ["pkg-types@2.2.0", "", { "dependencies": { "confbox": "^0.2.2", "exsolve": "^1.0.7", "pathe": "^2.0.3" } }, "sha512-2SM/GZGAEkPp3KWORxQZns4M+WSeXbC2HEvmOIJe3Cmiv6ieAJvdVhDldtHqM5J1Y7MrR1XhkBT/rMlhh9FdqQ=="],

    "postgres-array": ["postgres-array@2.0.0", "", {}, "sha512-VpZrUqU5A69eQyW2c5CA1jtLecCsN2U/bD6VilrFDWq5+5UIEVO7nazS3TEcHf1zuPYO/sqGvUvW62g86RXZuA=="],

    "postgres-bytea": ["postgres-bytea@1.0.0", "", {}, "sha512-xy3pmLuQqRBZBXDULy7KbaitYqLcmxigw14Q5sj8QBVLqEwXfeybIKVWiqAXTlcvdvb0+xkOtDbfQMOf4lST1w=="],

    "postgres-date": ["postgres-date@1.0.7", "", {}, "sha512-suDmjLVQg78nMK2UZ454hAG+OAW+HQPZ6n++TNDUX+L0+uUlLywnoxJKDou51Zm+zTCjrCl0Nq6J9C5hP9vK/Q=="],

    "postgres-interval": ["postgres-interval@1.2.0", "", { "dependencies": { "xtend": "^4.0.0" } }, "sha512-9ZhXKM/rw350N1ovuWHbGxnGh/SNJ4cnxHiM0rxE4VN41wsg8P8zWn9hv/buK00RP4WvlOyr/RBDiptyxVbkZQ=="],

    "prisma": ["prisma@6.14.0", "", { "dependencies": { "@prisma/config": "6.14.0", "@prisma/engines": "6.14.0" }, "peerDependencies": { "typescript": ">=5.1.0" }, "optionalPeers": ["typescript"], "bin": { "prisma": "build/index.js" } }, "sha512-QEuCwxu+Uq9BffFw7in8In+WfbSUN0ewnaSUKloLkbJd42w6EyFckux4M0f7VwwHlM3A8ssaz4OyniCXlsn0WA=="],

    "pure-rand": ["pure-rand@6.1.0", "", {}, "sha512-bVWawvoZoBYpp6yIoQtQXHZjmz35RSVHnUOTefl8Vcjr8snTPY1wnpSPMWekcFwbxI6gtmT7rSYPFvz71ldiOA=="],

    "rc9": ["rc9@2.1.2", "", { "dependencies": { "defu": "^6.1.4", "destr": "^2.0.3" } }, "sha512-btXCnMmRIBINM2LDZoEmOogIZU7Qe7zn4BpomSKZ/ykbLObuBdvG+mFq11DL6fjH1DRwHhrlgtYWG96bJiC7Cg=="],

    "readdirp": ["readdirp@4.1.2", "", {}, "sha512-GDhwkLfywWL2s6vEjyhri+eXmfH6j1L7JE27WhqLeYzoh/A3DBaYGEj2H/HFZCn/kMfim73FXxEJTw06WtxQwg=="],

    "snowyflake": ["snowyflake@2.0.1", "", {}, "sha512-91t07hy4XNZNu75a+llwfNQiTWGmgb0Ovzq/tGt9uts/YXcJ1pUT+60Uqn8LW7kqX2cdslAnHSIHq0V8GqOp5Q=="],

    "split2": ["split2@4.2.0", "", {}, "sha512-UcjcJOWknrNkF6PLX83qcHM6KHgVKNkV62Y8a5uYDVv9ydGQVwAHMKqHdJje1VTWpljG0WYpCDhrCdAOYH4TWg=="],

    "tinyexec": ["tinyexec@1.0.1", "", {}, "sha512-5uC6DDlmeqiOwCPmK9jMSdOuZTh8bU39Ys6yidB+UTt5hfZUPGAypSgFRiEp+jbi9qH40BLDvy85jIU88wKSqw=="],

    "tseep": ["tseep@1.3.1", "", {}, "sha512-ZPtfk1tQnZVyr7BPtbJ93qaAh2lZuIOpTMjhrYa4XctT8xe7t4SAW9LIxrySDuYMsfNNayE51E/WNGrNVgVicQ=="],

    "typescript": ["typescript@5.9.2", "", { "bin": { "tsc": "bin/tsc", "tsserver": "bin/tsserver" } }, "sha512-CWBzXQrc/qOkhidw1OzBTQuYRbfyxDXJMVJ1XNwUHGROVmuaeiEm3OslpZ1RV96d7SKKjZKrSJu3+t/xlw3R9A=="],

    "undici-types": ["undici-types@7.10.0", "", {}, "sha512-t5Fy/nfn+14LuOc2KNYg75vZqClpAiqscVvMygNnlsHBFpSXdJaYtXMcdNLpl/Qvc3P2cB3s6lOV51nqsFq4ag=="],

    "xtend": ["xtend@4.0.2", "", {}, "sha512-LKYU1iAXJXUgAXn9URjiu+MWhyUXHsvfp7mcuYm9dSUKK0/CjtrUwFAxD82/mCWbtLsGjFIad0wIsod4zrTAEQ=="],

    "zod": ["zod@4.0.17", "", {}, "sha512-1PHjlYRevNxxdy2JZ8JcNAw7rX8V9P1AKkP+x/xZfxB0K5FYfuV+Ug6P/6NVSR2jHQ+FzDDoDHS04nYUsOIyLQ=="],

    "@achrinza/event-pubsub/@achrinza/strong-type": ["@achrinza/strong-type@0.1.14", "", {}, "sha512-Se5kMdqRxrjBfpUnVS819OUqW6XUj2ryOHNkZizQ44FGQMfr5X+RXyi4Y8DZn5+lsx2sdnIylpmK6N7TGMpDrw=="],

    "@scalar/openapi-types/zod": ["zod@3.24.1", "", {}, "sha512-muH7gBL9sI1nciMZV67X5fTKKBLtwpZ5VBp1vsOQzj1MhrBZ4wlVCm3gedKZWLp0Oyel8sIGfeiz54Su+OVT+A=="],

    "@scalar/types/zod": ["zod@3.24.1", "", {}, "sha512-muH7gBL9sI1nciMZV67X5fTKKBLtwpZ5VBp1vsOQzj1MhrBZ4wlVCm3gedKZWLp0Oyel8sIGfeiz54Su+OVT+A=="],
  }
}
